
Microsoft Visual Studio Solution File, Format Version 12.00
Project("{FAE04EC0-301F-11D3-BF4B-00C04F79EFBC}") = "kanbanboard", "kanbanboard\kanbanboard.csproj", "{42E5F5C7-77F9-482C-92A1-11B2134C3F8D}"
EndProject
Project("{FAE04EC0-301F-11D3-BF4B-00C04F79EFBC}") = "kanbanboard.contracts", "kanbanboard.contracts\kanbanboard.contracts.csproj", "{46691C58-D140-41D2-AFAE-C025F1A84D5A}"
EndProject
Project("{FAE04EC0-301F-11D3-BF4B-00C04F79EFBC}") = "kanbanboard.boardconfig", "kanbanboard.boardconfig\kanbanboard.boardconfig.csproj", "{12BF18B8-A26A-497A-A7C3-B6B7896A3C6E}"
EndProject
Project("{FAE04EC0-301F-11D3-BF4B-00C04F79EFBC}") = "kanbanboard.boardconfig.tests", "kanbanboard.boardconfig.tests\kanbanboard.boardconfig.tests.csproj", "{64AE2BC9-4238-4569-8DD6-6B30CCC5D5AF}"
EndProject
Project("{FAE04EC0-301F-11D3-BF4B-00C04F79EFBC}") = "kanbanboard.items.tests", "kanbanboard.items.tests\kanbanboard.items.tests.csproj", "{A0C15111-E48E-4FFE-B5BA-8DD3D52911B4}"
EndProject
Project("{FAE04EC0-301F-11D3-BF4B-00C04F79EFBC}") = "kanbanboard.items", "kanbanboard.items\kanbanboard.items.csproj", "{B0311A62-9D40-4721-BEDB-B197EA708DBE}"
EndProject
Project("{FAE04EC0-301F-11D3-BF4B-00C04F79EFBC}") = "kanbanboard.kanban", "kanbanboard.kanban\kanbanboard.kanban.csproj", "{B7E1A877-AD83-4291-A297-73B1148E74B8}"
EndProject
Project("{FAE04EC0-301F-11D3-BF4B-00C04F79EFBC}") = "kanbanboard.kanban.tests", "kanbanboard.kanban.tests\kanbanboard.kanban.tests.csproj", "{FC83B2B2-2C7C-4282-B215-FB78BB392301}"
EndProject
Global
	GlobalSection(SolutionConfigurationPlatforms) = preSolution
		Debug|Any CPU = Debug|Any CPU
		Release|Any CPU = Release|Any CPU
	EndGlobalSection
	GlobalSection(ProjectConfigurationPlatforms) = postSolution
		{42E5F5C7-77F9-482C-92A1-11B2134C3F8D}.Debug|Any CPU.ActiveCfg = Debug|Any CPU
		{42E5F5C7-77F9-482C-92A1-11B2134C3F8D}.Debug|Any CPU.Build.0 = Debug|Any CPU
		{42E5F5C7-77F9-482C-92A1-11B2134C3F8D}.Release|Any CPU.ActiveCfg = Release|Any CPU
		{42E5F5C7-77F9-482C-92A1-11B2134C3F8D}.Release|Any CPU.Build.0 = Release|Any CPU
		{46691C58-D140-41D2-AFAE-C025F1A84D5A}.Debug|Any CPU.ActiveCfg = Debug|Any CPU
		{46691C58-D140-41D2-AFAE-C025F1A84D5A}.Debug|Any CPU.Build.0 = Debug|Any CPU
		{46691C58-D140-41D2-AFAE-C025F1A84D5A}.Release|Any CPU.ActiveCfg = Release|Any CPU
		{46691C58-D140-41D2-AFAE-C025F1A84D5A}.Release|Any CPU.Build.0 = Release|Any CPU
		{12BF18B8-A26A-497A-A7C3-B6B7896A3C6E}.Debug|Any CPU.ActiveCfg = Debug|Any CPU
		{12BF18B8-A26A-497A-A7C3-B6B7896A3C6E}.Debug|Any CPU.Build.0 = Debug|Any CPU
		{12BF18B8-A26A-497A-A7C3-B6B7896A3C6E}.Release|Any CPU.ActiveCfg = Release|Any CPU
		{12BF18B8-A26A-497A-A7C3-B6B7896A3C6E}.Release|Any CPU.Build.0 = Release|Any CPU
		{64AE2BC9-4238-4569-8DD6-6B30CCC5D5AF}.Debug|Any CPU.ActiveCfg = Debug|Any CPU
		{64AE2BC9-4238-4569-8DD6-6B30CCC5D5AF}.Debug|Any CPU.Build.0 = Debug|Any CPU
		{64AE2BC9-4238-4569-8DD6-6B30CCC5D5AF}.Release|Any CPU.ActiveCfg = Release|Any CPU
		{64AE2BC9-4238-4569-8DD6-6B30CCC5D5AF}.Release|Any CPU.Build.0 = Release|Any CPU
		{A0C15111-E48E-4FFE-B5BA-8DD3D52911B4}.Debug|Any CPU.ActiveCfg = Debug|Any CPU
		{A0C15111-E48E-4FFE-B5BA-8DD3D52911B4}.Debug|Any CPU.Build.0 = Debug|Any CPU
		{A0C15111-E48E-4FFE-B5BA-8DD3D52911B4}.Release|Any CPU.ActiveCfg = Release|Any CPU
		{A0C15111-E48E-4FFE-B5BA-8DD3D52911B4}.Release|Any CPU.Build.0 = Release|Any CPU
		{B0311A62-9D40-4721-BEDB-B197EA708DBE}.Debug|Any CPU.ActiveCfg = Debug|Any CPU
		{B0311A62-9D40-4721-BEDB-B197EA708DBE}.Debug|Any CPU.Build.0 = Debug|Any CPU
		{B0311A62-9D40-4721-BEDB-B197EA708DBE}.Release|Any CPU.ActiveCfg = Release|Any CPU
		{B0311A62-9D40-4721-BEDB-B197EA708DBE}.Release|Any CPU.Build.0 = Release|Any CPU
		{B7E1A877-AD83-4291-A297-73B1148E74B8}.Debug|Any CPU.ActiveCfg = Debug|Any CPU
		{B7E1A877-AD83-4291-A297-73B1148E74B8}.Debug|Any CPU.Build.0 = Debug|Any CPU
		{B7E1A877-AD83-4291-A297-73B1148E74B8}.Release|Any CPU.ActiveCfg = Release|Any CPU
		{B7E1A877-AD83-4291-A297-73B1148E74B8}.Release|Any CPU.Build.0 = Release|Any CPU
		{FC83B2B2-2C7C-4282-B215-FB78BB392301}.Debug|Any CPU.ActiveCfg = Debug|Any CPU
		{FC83B2B2-2C7C-4282-B215-FB78BB392301}.Debug|Any CPU.Build.0 = Debug|Any CPU
		{FC83B2B2-2C7C-4282-B215-FB78BB392301}.Release|Any CPU.ActiveCfg = Release|Any CPU
		{FC83B2B2-2C7C-4282-B215-FB78BB392301}.Release|Any CPU.Build.0 = Release|Any CPU
	EndGlobalSection
EndGlobal
