
Microsoft Visual Studio Solution File, Format Version 12.00
Project("{FAE04EC0-301F-11D3-BF4B-00C04F79EFBC}") = "kanbanboard", "kanbanboard\kanbanboard.csproj", "{42E5F5C7-77F9-482C-92A1-11B2134C3F8D}"
EndProject
Global
	GlobalSection(SolutionConfigurationPlatforms) = preSolution
		Debug|Any CPU = Debug|Any CPU
		Release|Any CPU = Release|Any CPU
	EndGlobalSection
	GlobalSection(ProjectConfigurationPlatforms) = postSolution
		{42E5F5C7-77F9-482C-92A1-11B2134C3F8D}.Debug|Any CPU.ActiveCfg = Debug|Any CPU
		{42E5F5C7-77F9-482C-92A1-11B2134C3F8D}.Debug|Any CPU.Build.0 = Debug|Any CPU
		{42E5F5C7-77F9-482C-92A1-11B2134C3F8D}.Release|Any CPU.ActiveCfg = Release|Any CPU
		{42E5F5C7-77F9-482C-92A1-11B2134C3F8D}.Release|Any CPU.Build.0 = Release|Any CPU
	EndGlobalSection
EndGlobal
